
Microsoft Visual Studio Solution File, Format Version 12.00
# Visual Studio 14
VisualStudioVersion = 14.0.24720.0
MinimumVisualStudioVersion = 10.0.40219.1
Project("{FAE04EC0-301F-11D3-BF4B-00C04F79EFBC}") = "doitcar_testserver", "doitcar_testserver\doitcar_testserver.csproj", "{B777C0BC-6FE9-404A-B6DF-08B0521439EC}"
EndProject
Global
	GlobalSection(SolutionConfigurationPlatforms) = preSolution
		Debug|Any CPU = Debug|Any CPU
		Release|Any CPU = Release|Any CPU
	EndGlobalSection
	GlobalSection(ProjectConfigurationPlatforms) = postSolution
		{B777C0BC-6FE9-404A-B6DF-08B0521439EC}.Debug|Any CPU.ActiveCfg = Debug|Any CPU
		{B777C0BC-6FE9-404A-B6DF-08B0521439EC}.Debug|Any CPU.Build.0 = Debug|Any CPU
		{B777C0BC-6FE9-404A-B6DF-08B0521439EC}.Release|Any CPU.ActiveCfg = Release|Any CPU
		{B777C0BC-6FE9-404A-B6DF-08B0521439EC}.Release|Any CPU.Build.0 = Release|Any CPU
	EndGlobalSection
	GlobalSection(SolutionProperties) = preSolution
		HideSolutionNode = FALSE
	EndGlobalSection
EndGlobal
